
Microsoft Visual Studio Solution File, Format Version 12.00
# Visual Studio Version 17
VisualStudioVersion = 17.6.33801.468
MinimumVisualStudioVersion = 10.0.40219.1
Project("{FAE04EC0-301F-11D3-BF4B-00C04F79EFBC}") = "Zdefiniowana struktura student", "Zdefiniowana struktura student\Zdefiniowana struktura student.csproj", "{A01BBCAA-3F26-43A4-B678-3F9CEFE7ABF6}"
EndProject
Global
	GlobalSection(SolutionConfigurationPlatforms) = preSolution
		Debug|Any CPU = Debug|Any CPU
		Release|Any CPU = Release|Any CPU
	EndGlobalSection
	GlobalSection(ProjectConfigurationPlatforms) = postSolution
		{A01BBCAA-3F26-43A4-B678-3F9CEFE7ABF6}.Debug|Any CPU.ActiveCfg = Debug|Any CPU
		{A01BBCAA-3F26-43A4-B678-3F9CEFE7ABF6}.Debug|Any CPU.Build.0 = Debug|Any CPU
		{A01BBCAA-3F26-43A4-B678-3F9CEFE7ABF6}.Release|Any CPU.ActiveCfg = Release|Any CPU
		{A01BBCAA-3F26-43A4-B678-3F9CEFE7ABF6}.Release|Any CPU.Build.0 = Release|Any CPU
	EndGlobalSection
	GlobalSection(SolutionProperties) = preSolution
		HideSolutionNode = FALSE
	EndGlobalSection
	GlobalSection(ExtensibilityGlobals) = postSolution
		SolutionGuid = {962DEF2F-B1C5-4D2B-ABE6-A18A9C6F6EC2}
	EndGlobalSection
EndGlobal
