
Microsoft Visual Studio Solution File, Format Version 12.00
# Visual Studio Version 17
VisualStudioVersion = 17.6.33801.468
MinimumVisualStudioVersion = 10.0.40219.1
Project("{FAE04EC0-301F-11D3-BF4B-00C04F79EFBC}") = "Struktury do opisu", "Struktury do opisu\Struktury do opisu.csproj", "{1FD78534-BD82-4CAE-B6EF-E1FC3B579FC8}"
EndProject
Global
	GlobalSection(SolutionConfigurationPlatforms) = preSolution
		Debug|Any CPU = Debug|Any CPU
		Release|Any CPU = Release|Any CPU
	EndGlobalSection
	GlobalSection(ProjectConfigurationPlatforms) = postSolution
		{1FD78534-BD82-4CAE-B6EF-E1FC3B579FC8}.Debug|Any CPU.ActiveCfg = Debug|Any CPU
		{1FD78534-BD82-4CAE-B6EF-E1FC3B579FC8}.Debug|Any CPU.Build.0 = Debug|Any CPU
		{1FD78534-BD82-4CAE-B6EF-E1FC3B579FC8}.Release|Any CPU.ActiveCfg = Release|Any CPU
		{1FD78534-BD82-4CAE-B6EF-E1FC3B579FC8}.Release|Any CPU.Build.0 = Release|Any CPU
	EndGlobalSection
	GlobalSection(SolutionProperties) = preSolution
		HideSolutionNode = FALSE
	EndGlobalSection
	GlobalSection(ExtensibilityGlobals) = postSolution
		SolutionGuid = {BDA38D28-5133-4012-9566-B53EA933D5BC}
	EndGlobalSection
EndGlobal
